PODS:
  - FlexLayout (1.3.20)
  - SwiftyJSON (4.3.0)

DEPENDENCIES:
  - FlexLayout
  - SwiftyJSON (~> 4.0)

SPEC REPOS:
  trunk:
    - FlexLayout
    - SwiftyJSON

SPEC CHECKSUMS:
  FlexLayout: 025dd153bd5618dcc9f93ef914106d7dc2a86fdc
  SwiftyJSON: 6faa0040f8b59dead0ee07436cbf76b73c08fd08

PODFILE CHECKSUM: 87da6f148458cfd3b3486f9d1a1b07dc2ae05c63

COCOAPODS: 1.10.0
